
Microsoft Visual Studio Solution File, Format Version 12.00
# Visual Studio Version 17
VisualStudioVersion = 17.4.33205.214
MinimumVisualStudioVersion = 10.0.40219.1
Project("{FAE04EC0-301F-11D3-BF4B-00C04F79EFBC}") = "AzureCosmos", "AzureCosmos.csproj", "{EACC6EA6-66C1-436E-8369-0646C6F3BD57}"
EndProject
Global
	GlobalSection(SolutionConfigurationPlatforms) = preSolution
		Debug|Any CPU = Debug|Any CPU
		Release|Any CPU = Release|Any CPU
	EndGlobalSection
	GlobalSection(ProjectConfigurationPlatforms) = postSolution
		{EACC6EA6-66C1-436E-8369-0646C6F3BD57}.Debug|Any CPU.ActiveCfg = Debug|Any CPU
		{EACC6EA6-66C1-436E-8369-0646C6F3BD57}.Debug|Any CPU.Build.0 = Debug|Any CPU
		{EACC6EA6-66C1-436E-8369-0646C6F3BD57}.Release|Any CPU.ActiveCfg = Release|Any CPU
		{EACC6EA6-66C1-436E-8369-0646C6F3BD57}.Release|Any CPU.Build.0 = Release|Any CPU
	EndGlobalSection
	GlobalSection(SolutionProperties) = preSolution
		HideSolutionNode = FALSE
	EndGlobalSection
	GlobalSection(ExtensibilityGlobals) = postSolution
		SolutionGuid = {C18176B6-A0CC-456F-9466-3BF6A4976049}
	EndGlobalSection
EndGlobal
